# This file is automatically @generated by Cargo.
# It is not intended for manual editing.
version = 3

[[package]]
name = "trpl"
version = "0.1.0"

[[package]]
name = "trpl_blog"
version = "0.1.0"
dependencies = [
 "trpl",
]

[[package]]
name = "trpl_gui"
version = "0.1.0"
dependencies = [
 "trpl",
]

[[package]]
name = "trpl_minigrep"
version = "0.1.0"
dependencies = [
 "trpl",
]
